
Microsoft Visual Studio Solution File, Format Version 12.00
# Visual Studio Version 17
VisualStudioVersion = 17.6.33815.320
MinimumVisualStudioVersion = 10.0.40219.1
Project("{FAE04EC0-301F-11D3-BF4B-00C04F79EFBC}") = "Recipe", "Recipe.csproj", "{F96F9CD8-21C7-4129-AE5E-58489BF2F2CF}"
EndProject
Project("{2150E333-8FDC-42A3-9474-1A3956D46DE8}") = "Solution Items", "Solution Items", "{3E80C2CE-E439-4C0E-9368-DBE5AE46DEFE}"
	ProjectSection(SolutionItems) = preProject
		RecipeDbContext.cs = RecipeDbContext.cs
	EndProjectSection
EndProject
Global
	GlobalSection(SolutionConfigurationPlatforms) = preSolution
		Debug|Any CPU = Debug|Any CPU
		Release|Any CPU = Release|Any CPU
	EndGlobalSection
	GlobalSection(ProjectConfigurationPlatforms) = postSolution
		{F96F9CD8-21C7-4129-AE5E-58489BF2F2CF}.Debug|Any CPU.ActiveCfg = Debug|Any CPU
		{F96F9CD8-21C7-4129-AE5E-58489BF2F2CF}.Debug|Any CPU.Build.0 = Debug|Any CPU
		{F96F9CD8-21C7-4129-AE5E-58489BF2F2CF}.Release|Any CPU.ActiveCfg = Release|Any CPU
		{F96F9CD8-21C7-4129-AE5E-58489BF2F2CF}.Release|Any CPU.Build.0 = Release|Any CPU
	EndGlobalSection
	GlobalSection(SolutionProperties) = preSolution
		HideSolutionNode = FALSE
	EndGlobalSection
	GlobalSection(ExtensibilityGlobals) = postSolution
		SolutionGuid = {0A21D91A-EC92-42AA-BCCA-443EC0E6124C}
	EndGlobalSection
EndGlobal
